
Microsoft Visual Studio Solution File, Format Version 12.00
# Visual Studio Version 17
VisualStudioVersion = 17.6.33815.320
MinimumVisualStudioVersion = 10.0.40219.1
Project("{9A19103F-16F7-4668-BE54-9A1E7A4F7556}") = "StreamCasa.Entities", "StreamCasa.Entities\StreamCasa.Entities.csproj", "{D2EE67FA-1332-47F1-B9E6-5F2BF74560A1}"
EndProject
Project("{2150E333-8FDC-42A3-9474-1A3956D46DE8}") = "ApplicationBusinessRules", "ApplicationBusinessRules", "{3C39BC38-B6B5-4BE4-81BC-2DF9D700B99E}"
EndProject
Project("{2150E333-8FDC-42A3-9474-1A3956D46DE8}") = "EnterpriseBusinessRules", "EnterpriseBusinessRules", "{817DD20A-CFA0-4E1D-BDBE-44D40EF1C9B8}"
EndProject
Project("{2150E333-8FDC-42A3-9474-1A3956D46DE8}") = "InterfacesAdapters", "InterfacesAdapters", "{2E60C06F-FEF2-4688-B297-ACE7B970F6B0}"
EndProject
Project("{2150E333-8FDC-42A3-9474-1A3956D46DE8}") = "FrameworksAndDrivers", "FrameworksAndDrivers", "{FCEEC943-CE04-453B-AC02-3F94397AF9F8}"
EndProject
Project("{9A19103F-16F7-4668-BE54-9A1E7A4F7556}") = "StreamCasa.Abstractions", "StreamCasa.Abstractions\StreamCasa.Abstractions.csproj", "{6469FE1C-8C7E-4DD9-B857-0E7A30E23D9F}"
EndProject
Project("{FAE04EC0-301F-11D3-BF4B-00C04F79EFBC}") = "StreamCasa.Repository.EFCore", "StreamCasa.Repository.EFCore\StreamCasa.Repository.EFCore.csproj", "{FA64C451-D0DB-4C21-B9BC-7C6C14ACF6D1}"
EndProject
Project("{FAE04EC0-301F-11D3-BF4B-00C04F79EFBC}") = "StreamCasa.Repository.Dapper", "StreamCasa.Repository.Dapper\StreamCasa.Repository.Dapper.csproj", "{6E237436-F5D6-4A0F-A087-8A98CD1988E1}"
EndProject
Project("{2150E333-8FDC-42A3-9474-1A3956D46DE8}") = "Repositories", "Repositories", "{6CA468D8-182A-4098-9B60-8AF8D0E2745F}"
EndProject
Project("{FAE04EC0-301F-11D3-BF4B-00C04F79EFBC}") = "StreamCasa.Interactors.Abstractions", "StreamCasa.Interactors.Abstractions\StreamCasa.Interactors.Abstractions.csproj", "{B7EEEF2E-5803-47B7-A1B0-B51C7A4C6920}"
EndProject
Project("{FAE04EC0-301F-11D3-BF4B-00C04F79EFBC}") = "StreamCasa.Videos.UseCases", "StreamCasa.Videos.UseCases\StreamCasa.Videos.UseCases.csproj", "{ED183478-A21E-4EC2-BE27-FE5E18C19693}"
EndProject
Project("{FAE04EC0-301F-11D3-BF4B-00C04F79EFBC}") = "StreamCasa.Builders", "StreamCasa.Builders\StreamCasa.Builders.csproj", "{6212495B-0AE6-4E21-A0EB-A57F9E4E6157}"
EndProject
Project("{2150E333-8FDC-42A3-9474-1A3956D46DE8}") = "Presenters", "Presenters", "{634CA35E-F86A-4012-9AAF-F73B3C286A7C}"
EndProject
Project("{FAE04EC0-301F-11D3-BF4B-00C04F79EFBC}") = "StreamCasa.Presenters", "StreamCasa.Presenters\StreamCasa.Presenters.csproj", "{43DC276E-C5EE-4F6F-963A-EAAE405F3C28}"
EndProject
Project("{FAE04EC0-301F-11D3-BF4B-00C04F79EFBC}") = "StreamCasa.API", "StreamCasa.API\StreamCasa.API.csproj", "{32CEB3A2-4BD0-49D0-BBFB-D3186196AD04}"
EndProject
Global
	GlobalSection(SolutionConfigurationPlatforms) = preSolution
		Debug|Any CPU = Debug|Any CPU
		Release|Any CPU = Release|Any CPU
	EndGlobalSection
	GlobalSection(ProjectConfigurationPlatforms) = postSolution
		{D2EE67FA-1332-47F1-B9E6-5F2BF74560A1}.Debug|Any CPU.ActiveCfg = Debug|Any CPU
		{D2EE67FA-1332-47F1-B9E6-5F2BF74560A1}.Debug|Any CPU.Build.0 = Debug|Any CPU
		{D2EE67FA-1332-47F1-B9E6-5F2BF74560A1}.Release|Any CPU.ActiveCfg = Release|Any CPU
		{D2EE67FA-1332-47F1-B9E6-5F2BF74560A1}.Release|Any CPU.Build.0 = Release|Any CPU
		{6469FE1C-8C7E-4DD9-B857-0E7A30E23D9F}.Debug|Any CPU.ActiveCfg = Debug|Any CPU
		{6469FE1C-8C7E-4DD9-B857-0E7A30E23D9F}.Debug|Any CPU.Build.0 = Debug|Any CPU
		{6469FE1C-8C7E-4DD9-B857-0E7A30E23D9F}.Release|Any CPU.ActiveCfg = Release|Any CPU
		{6469FE1C-8C7E-4DD9-B857-0E7A30E23D9F}.Release|Any CPU.Build.0 = Release|Any CPU
		{FA64C451-D0DB-4C21-B9BC-7C6C14ACF6D1}.Debug|Any CPU.ActiveCfg = Debug|Any CPU
		{FA64C451-D0DB-4C21-B9BC-7C6C14ACF6D1}.Debug|Any CPU.Build.0 = Debug|Any CPU
		{FA64C451-D0DB-4C21-B9BC-7C6C14ACF6D1}.Release|Any CPU.ActiveCfg = Release|Any CPU
		{FA64C451-D0DB-4C21-B9BC-7C6C14ACF6D1}.Release|Any CPU.Build.0 = Release|Any CPU
		{6E237436-F5D6-4A0F-A087-8A98CD1988E1}.Debug|Any CPU.ActiveCfg = Debug|Any CPU
		{6E237436-F5D6-4A0F-A087-8A98CD1988E1}.Debug|Any CPU.Build.0 = Debug|Any CPU
		{6E237436-F5D6-4A0F-A087-8A98CD1988E1}.Release|Any CPU.ActiveCfg = Release|Any CPU
		{6E237436-F5D6-4A0F-A087-8A98CD1988E1}.Release|Any CPU.Build.0 = Release|Any CPU
		{B7EEEF2E-5803-47B7-A1B0-B51C7A4C6920}.Debug|Any CPU.ActiveCfg = Debug|Any CPU
		{B7EEEF2E-5803-47B7-A1B0-B51C7A4C6920}.Debug|Any CPU.Build.0 = Debug|Any CPU
		{B7EEEF2E-5803-47B7-A1B0-B51C7A4C6920}.Release|Any CPU.ActiveCfg = Release|Any CPU
		{B7EEEF2E-5803-47B7-A1B0-B51C7A4C6920}.Release|Any CPU.Build.0 = Release|Any CPU
		{ED183478-A21E-4EC2-BE27-FE5E18C19693}.Debug|Any CPU.ActiveCfg = Debug|Any CPU
		{ED183478-A21E-4EC2-BE27-FE5E18C19693}.Debug|Any CPU.Build.0 = Debug|Any CPU
		{ED183478-A21E-4EC2-BE27-FE5E18C19693}.Release|Any CPU.ActiveCfg = Release|Any CPU
		{ED183478-A21E-4EC2-BE27-FE5E18C19693}.Release|Any CPU.Build.0 = Release|Any CPU
		{6212495B-0AE6-4E21-A0EB-A57F9E4E6157}.Debug|Any CPU.ActiveCfg = Debug|Any CPU
		{6212495B-0AE6-4E21-A0EB-A57F9E4E6157}.Debug|Any CPU.Build.0 = Debug|Any CPU
		{6212495B-0AE6-4E21-A0EB-A57F9E4E6157}.Release|Any CPU.ActiveCfg = Release|Any CPU
		{6212495B-0AE6-4E21-A0EB-A57F9E4E6157}.Release|Any CPU.Build.0 = Release|Any CPU
		{43DC276E-C5EE-4F6F-963A-EAAE405F3C28}.Debug|Any CPU.ActiveCfg = Debug|Any CPU
		{43DC276E-C5EE-4F6F-963A-EAAE405F3C28}.Debug|Any CPU.Build.0 = Debug|Any CPU
		{43DC276E-C5EE-4F6F-963A-EAAE405F3C28}.Release|Any CPU.ActiveCfg = Release|Any CPU
		{43DC276E-C5EE-4F6F-963A-EAAE405F3C28}.Release|Any CPU.Build.0 = Release|Any CPU
		{32CEB3A2-4BD0-49D0-BBFB-D3186196AD04}.Debug|Any CPU.ActiveCfg = Debug|Any CPU
		{32CEB3A2-4BD0-49D0-BBFB-D3186196AD04}.Debug|Any CPU.Build.0 = Debug|Any CPU
		{32CEB3A2-4BD0-49D0-BBFB-D3186196AD04}.Release|Any CPU.ActiveCfg = Release|Any CPU
		{32CEB3A2-4BD0-49D0-BBFB-D3186196AD04}.Release|Any CPU.Build.0 = Release|Any CPU
	EndGlobalSection
	GlobalSection(SolutionProperties) = preSolution
		HideSolutionNode = FALSE
	EndGlobalSection
	GlobalSection(NestedProjects) = preSolution
		{D2EE67FA-1332-47F1-B9E6-5F2BF74560A1} = {817DD20A-CFA0-4E1D-BDBE-44D40EF1C9B8}
		{6469FE1C-8C7E-4DD9-B857-0E7A30E23D9F} = {817DD20A-CFA0-4E1D-BDBE-44D40EF1C9B8}
		{FA64C451-D0DB-4C21-B9BC-7C6C14ACF6D1} = {6CA468D8-182A-4098-9B60-8AF8D0E2745F}
		{6E237436-F5D6-4A0F-A087-8A98CD1988E1} = {6CA468D8-182A-4098-9B60-8AF8D0E2745F}
		{6CA468D8-182A-4098-9B60-8AF8D0E2745F} = {2E60C06F-FEF2-4688-B297-ACE7B970F6B0}
		{B7EEEF2E-5803-47B7-A1B0-B51C7A4C6920} = {3C39BC38-B6B5-4BE4-81BC-2DF9D700B99E}
		{ED183478-A21E-4EC2-BE27-FE5E18C19693} = {3C39BC38-B6B5-4BE4-81BC-2DF9D700B99E}
		{6212495B-0AE6-4E21-A0EB-A57F9E4E6157} = {3C39BC38-B6B5-4BE4-81BC-2DF9D700B99E}
		{634CA35E-F86A-4012-9AAF-F73B3C286A7C} = {2E60C06F-FEF2-4688-B297-ACE7B970F6B0}
		{43DC276E-C5EE-4F6F-963A-EAAE405F3C28} = {634CA35E-F86A-4012-9AAF-F73B3C286A7C}
		{32CEB3A2-4BD0-49D0-BBFB-D3186196AD04} = {FCEEC943-CE04-453B-AC02-3F94397AF9F8}
	EndGlobalSection
	GlobalSection(ExtensibilityGlobals) = postSolution
		SolutionGuid = {3F3C2248-0EC2-4309-BD43-31AE006BA4E7}
	EndGlobalSection
EndGlobal
